
Microsoft Visual Studio Solution File, Format Version 12.00
# Visual Studio Version 16
VisualStudioVersion = 16.0.29509.3
MinimumVisualStudioVersion = 10.0.40219.1
Project("{FAE04EC0-301F-11D3-BF4B-00C04F79EFBC}") = "DateTimeSample", "DateTimeSample.csproj", "{9444857A-7A5C-4469-B1D6-8A4F36DB33E8}"
EndProject
Project("{FAE04EC0-301F-11D3-BF4B-00C04F79EFBC}") = "DateTimeSampleTest", "..\DateTimeSampleTest\DateTimeSampleTest.csproj", "{CC98545B-919E-4031-903B-48E58242FD89}"
EndProject
Global
	GlobalSection(SolutionConfigurationPlatforms) = preSolution
		Debug|Any CPU = Debug|Any CPU
		Release|Any CPU = Release|Any CPU
	EndGlobalSection
	GlobalSection(ProjectConfigurationPlatforms) = postSolution
		{9444857A-7A5C-4469-B1D6-8A4F36DB33E8}.Debug|Any CPU.ActiveCfg = Debug|Any CPU
		{9444857A-7A5C-4469-B1D6-8A4F36DB33E8}.Debug|Any CPU.Build.0 = Debug|Any CPU
		{9444857A-7A5C-4469-B1D6-8A4F36DB33E8}.Release|Any CPU.ActiveCfg = Release|Any CPU
		{9444857A-7A5C-4469-B1D6-8A4F36DB33E8}.Release|Any CPU.Build.0 = Release|Any CPU
		{CC98545B-919E-4031-903B-48E58242FD89}.Debug|Any CPU.ActiveCfg = Debug|Any CPU
		{CC98545B-919E-4031-903B-48E58242FD89}.Debug|Any CPU.Build.0 = Debug|Any CPU
		{CC98545B-919E-4031-903B-48E58242FD89}.Release|Any CPU.ActiveCfg = Release|Any CPU
		{CC98545B-919E-4031-903B-48E58242FD89}.Release|Any CPU.Build.0 = Release|Any CPU
	EndGlobalSection
	GlobalSection(SolutionProperties) = preSolution
		HideSolutionNode = FALSE
	EndGlobalSection
	GlobalSection(ExtensibilityGlobals) = postSolution
		SolutionGuid = {1B58F757-3BCF-4908-AC74-41860DD16646}
	EndGlobalSection
EndGlobal
